
Microsoft Visual Studio Solution File, Format Version 12.00
# Visual Studio Version 17
VisualStudioVersion = 17.14.36414.22 d17.14
MinimumVisualStudioVersion = 10.0.40219.1
Project("{FAE04EC0-301F-11D3-BF4B-00C04F79EFBC}") = "CatalogoWeb", "CatalogoWeb\CatalogoWeb.csproj", "{3956B332-1307-4935-BD50-9B59F4372D78}"
EndProject
Project("{FAE04EC0-301F-11D3-BF4B-00C04F79EFBC}") = "Dominio", "Dominio\Dominio.csproj", "{42965771-AEB1-4794-9C24-465F0196DDB7}"
EndProject
Project("{FAE04EC0-301F-11D3-BF4B-00C04F79EFBC}") = "Negocio", "Negocio\Negocio.csproj", "{AED8945F-27EC-47A9-975D-9779B280A4E4}"
EndProject
Project("{FAE04EC0-301F-11D3-BF4B-00C04F79EFBC}") = "AccesoDatos", "AccesoDatos\AccesoDatos.csproj", "{41FF07DE-FD10-4E68-AFE5-97BA3BA276B6}"
EndProject
Global
	GlobalSection(SolutionConfigurationPlatforms) = preSolution
		Debug|Any CPU = Debug|Any CPU
		Release|Any CPU = Release|Any CPU
	EndGlobalSection
	GlobalSection(ProjectConfigurationPlatforms) = postSolution
		{3956B332-1307-4935-BD50-9B59F4372D78}.Debug|Any CPU.ActiveCfg = Debug|Any CPU
		{3956B332-1307-4935-BD50-9B59F4372D78}.Debug|Any CPU.Build.0 = Debug|Any CPU
		{3956B332-1307-4935-BD50-9B59F4372D78}.Release|Any CPU.ActiveCfg = Release|Any CPU
		{3956B332-1307-4935-BD50-9B59F4372D78}.Release|Any CPU.Build.0 = Release|Any CPU
		{42965771-AEB1-4794-9C24-465F0196DDB7}.Debug|Any CPU.ActiveCfg = Debug|Any CPU
		{42965771-AEB1-4794-9C24-465F0196DDB7}.Debug|Any CPU.Build.0 = Debug|Any CPU
		{42965771-AEB1-4794-9C24-465F0196DDB7}.Release|Any CPU.ActiveCfg = Release|Any CPU
		{42965771-AEB1-4794-9C24-465F0196DDB7}.Release|Any CPU.Build.0 = Release|Any CPU
		{AED8945F-27EC-47A9-975D-9779B280A4E4}.Debug|Any CPU.ActiveCfg = Debug|Any CPU
		{AED8945F-27EC-47A9-975D-9779B280A4E4}.Debug|Any CPU.Build.0 = Debug|Any CPU
		{AED8945F-27EC-47A9-975D-9779B280A4E4}.Release|Any CPU.ActiveCfg = Release|Any CPU
		{AED8945F-27EC-47A9-975D-9779B280A4E4}.Release|Any CPU.Build.0 = Release|Any CPU
		{41FF07DE-FD10-4E68-AFE5-97BA3BA276B6}.Debug|Any CPU.ActiveCfg = Debug|Any CPU
		{41FF07DE-FD10-4E68-AFE5-97BA3BA276B6}.Debug|Any CPU.Build.0 = Debug|Any CPU
		{41FF07DE-FD10-4E68-AFE5-97BA3BA276B6}.Release|Any CPU.ActiveCfg = Release|Any CPU
		{41FF07DE-FD10-4E68-AFE5-97BA3BA276B6}.Release|Any CPU.Build.0 = Release|Any CPU
	EndGlobalSection
	GlobalSection(SolutionProperties) = preSolution
		HideSolutionNode = FALSE
	EndGlobalSection
	GlobalSection(ExtensibilityGlobals) = postSolution
		SolutionGuid = {495B825A-E424-43D0-A647-C5C52FCB5118}
	EndGlobalSection
EndGlobal
